
Microsoft Visual Studio Solution File, Format Version 12.00
# Visual Studio Version 17
VisualStudioVersion = 17.4.33103.184
MinimumVisualStudioVersion = 10.0.40219.1
Project("{FAE04EC0-301F-11D3-BF4B-00C04F79EFBC}") = "MediaPlayer", "MediaPlayer\MediaPlayer.csproj", "{0CDAEA43-D3F8-40F1-BF92-5DB6127CD52E}"
EndProject
Project("{FAE04EC0-301F-11D3-BF4B-00C04F79EFBC}") = "Interface", "Interface\Interface.csproj", "{537A3D25-AAB1-4D67-925E-F3781AF936BA}"
EndProject
Project("{FAE04EC0-301F-11D3-BF4B-00C04F79EFBC}") = "Ulti", "Ulti\Ulti.csproj", "{F6CDF000-0681-4A2E-906C-B79759D3889B}"
EndProject
Global
	GlobalSection(SolutionConfigurationPlatforms) = preSolution
		Debug|Any CPU = Debug|Any CPU
		Release|Any CPU = Release|Any CPU
	EndGlobalSection
	GlobalSection(ProjectConfigurationPlatforms) = postSolution
		{0CDAEA43-D3F8-40F1-BF92-5DB6127CD52E}.Debug|Any CPU.ActiveCfg = Debug|Any CPU
		{0CDAEA43-D3F8-40F1-BF92-5DB6127CD52E}.Debug|Any CPU.Build.0 = Debug|Any CPU
		{0CDAEA43-D3F8-40F1-BF92-5DB6127CD52E}.Release|Any CPU.ActiveCfg = Release|Any CPU
		{0CDAEA43-D3F8-40F1-BF92-5DB6127CD52E}.Release|Any CPU.Build.0 = Release|Any CPU
		{537A3D25-AAB1-4D67-925E-F3781AF936BA}.Debug|Any CPU.ActiveCfg = Debug|Any CPU
		{537A3D25-AAB1-4D67-925E-F3781AF936BA}.Debug|Any CPU.Build.0 = Debug|Any CPU
		{537A3D25-AAB1-4D67-925E-F3781AF936BA}.Release|Any CPU.ActiveCfg = Release|Any CPU
		{537A3D25-AAB1-4D67-925E-F3781AF936BA}.Release|Any CPU.Build.0 = Release|Any CPU
		{F6CDF000-0681-4A2E-906C-B79759D3889B}.Debug|Any CPU.ActiveCfg = Debug|Any CPU
		{F6CDF000-0681-4A2E-906C-B79759D3889B}.Debug|Any CPU.Build.0 = Debug|Any CPU
		{F6CDF000-0681-4A2E-906C-B79759D3889B}.Release|Any CPU.ActiveCfg = Release|Any CPU
		{F6CDF000-0681-4A2E-906C-B79759D3889B}.Release|Any CPU.Build.0 = Release|Any CPU
	EndGlobalSection
	GlobalSection(SolutionProperties) = preSolution
		HideSolutionNode = FALSE
	EndGlobalSection
	GlobalSection(ExtensibilityGlobals) = postSolution
		SolutionGuid = {5CA0658B-ED13-4A9D-A3F9-3BF382C00E7F}
	EndGlobalSection
EndGlobal
